{
  "name": "daycare",
  "version": "1.0.0",
  "lockfileVersion": 2,
  "requires": true,
  "packages": {
    "": {
      "name": "daycare",
      "version": "1.0.0",
      "license": "ISC",
      "dependencies": {
        "devmon": "^0.0.1"
      }
    },
    "node_modules/devmon": {
      "version": "0.0.1",
      "resolved": "https://registry.npmjs.org/devmon/-/devmon-0.0.1.tgz",
      "integrity": "sha512-P5ZaF+cvmuPPdE3DjNl3QmlKkJU4gnJW59Pyw4w5cmrpOdD1f1LVY4Rwxv0d8ABvOPgyCLOXxnscUfm2mUhklQ==",
      "bin": {
        "devmon": "bin/devmon"
      },
      "engines": {
        "node": ">=0.10.x"
      }
    }
  },
  "dependencies": {
    "devmon": {
      "version": "0.0.1",
      "resolved": "https://registry.npmjs.org/devmon/-/devmon-0.0.1.tgz",
      "integrity": "sha512-P5ZaF+cvmuPPdE3DjNl3QmlKkJU4gnJW59Pyw4w5cmrpOdD1f1LVY4Rwxv0d8ABvOPgyCLOXxnscUfm2mUhklQ=="
    }
  }
}
